# generated by rye
# use `rye lock` or `rye sync` to update this lockfile
#
# last locked with the following flags:
#   pre: false
#   features: []
#   all-features: false
#   with-sources: false

-e file:.
altgraph==0.17.4
    # via pyinstaller
darkdetect==0.8.0
    # via mora-the-explorer
packaging==24.0
    # via pyinstaller
    # via pyinstaller-hooks-contrib
pillow==10.3.0
    # via mora-the-explorer
platformdirs==4.2.0
    # via mora-the-explorer
plyer==2.1.0
    # via mora-the-explorer
pyinstaller==6.6.0
pyinstaller-hooks-contrib==2024.4
    # via pyinstaller
pyside6==6.7.0
    # via mora-the-explorer
pyside6-addons==6.7.0
    # via pyside6
pyside6-essentials==6.7.0
    # via pyside6
    # via pyside6-addons
setuptools==69.5.1
    # via pyinstaller
    # via pyinstaller-hooks-contrib
shiboken6==6.7.0
    # via pyside6
    # via pyside6-addons
    # via pyside6-essentials
tomli-w==1.0.0
    # via mora-the-explorer
